dependencies:
- name: prometheus
  repository: https://kubernetes-charts.storage.googleapis.com
  version: 9.1.2
- name: grafana
  repository: https://kubernetes-charts.storage.googleapis.com
  version: 3.10.0
- name: metrics-server
  repository: https://kubernetes-charts.storage.googleapis.com
  version: 2.8.8
- name: nginx-ingress
  repository: https://kubernetes-charts.storage.googleapis.com
  version: 1.24.2
- name: catalog
  repository: https://svc-catalog-charts.storage.googleapis.com
  version: 0.2.1
digest: sha256:330a0ab8118c950baad13722c980e9d5392de0043e86e16ada5e593ffefee9fb
generated: "2019-12-10T08:26:52.336485-07:00"
