dependencies:
- name: prometheus
  repository: https://kubernetes-charts.storage.googleapis.com
  version: 11.4.0
- name: grafana
  repository: https://kubernetes-charts.storage.googleapis.com
  version: 5.1.4
- name: metrics-server
  repository: https://kubernetes-charts.storage.googleapis.com
  version: 2.11.1
- name: ingress-nginx
  repository: https://kubernetes.github.io/ingress-nginx
  version: 2.4.0
- name: catalog
  repository: https://svc-catalog-charts.storage.googleapis.com
  version: 0.3.0
- name: cert-manager
  repository: https://charts.jetstack.io
  version: 0.15.1
digest: sha256:1b325b020419c67438e606dbab7127f2f260c8d6a71e6f1a01e423af387c318b
generated: "2020-06-12T17:43:46.363811-05:00"
