dependencies:
- name: prometheus
  repository: https://kubernetes-charts.storage.googleapis.com
  version: 9.1.2
- name: grafana
  repository: https://kubernetes-charts.storage.googleapis.com
  version: 3.10.0
- name: metrics-server
  repository: https://kubernetes-charts.storage.googleapis.com
  version: 2.8.8
- name: nginx-ingress
  repository: https://kubernetes-charts.storage.googleapis.com
  version: 1.24.2
- name: catalog
  repository: https://svc-catalog-charts.storage.googleapis.com
  version: 0.2.1
digest: sha256:23ab1e690316d27c5fdbb0740071289963bab9c04e85b086ef09e14635333ec1
generated: "2019-10-11T06:26:46.318223-06:00"
