dependencies:
- name: prometheus
  repository: https://kubernetes-charts.storage.googleapis.com
  version: 9.1.2
- name: grafana
  repository: https://kubernetes-charts.storage.googleapis.com
  version: 3.10.0
- name: metrics-server
  repository: https://kubernetes-charts.storage.googleapis.com
  version: 2.8.7
- name: nginx-ingress
  repository: https://kubernetes-charts.storage.googleapis.com
  version: 1.24.2
- name: catalog
  repository: https://svc-catalog-charts.storage.googleapis.com
  version: 0.2.1
digest: sha256:1c1396f2bec37ed37350cb8a5d8082807553864c4117f63d449dcf5cb8a568c6
generated: "2019-10-10T04:15:15.797119-06:00"
