{
  "name": "mushop-docs-theme",
  "version": "1.0.0",
  "lockfileVersion": 1,
  "requires": true,
  "dependencies": {
    "uikit": {
      "version": "3.3.3",
      "resolved": "https://registry.npmjs.org/uikit/-/uikit-3.3.3.tgz",
      "integrity": "sha512-YCrjTpti3cVTNjCXo0zeu7Kd/1nWJwIo4YRmLSVJ+MC/FdzWQgmfvby5rXR5TxEETnPamazrFtclPWJQya8W1g=="
    }
  }
}
