dependencies:
- name: nginx-ingress
  repository: https://kubernetes-charts.storage.googleapis.com
  version: 1.2.1
- name: cert-manager
  repository: https://charts.jetstack.io
  version: v0.8.0
digest: sha256:64c8795ef6f28e6196f719f465054f85036efe7ec3f7767191306ca878a7d5b4
generated: "2019-07-12T10:46:41.915376-07:00"
