dependencies:
- name: nginx-ingress
  repository: https://kubernetes-charts.storage.googleapis.com
  version: 1.2.1
- name: catalog
  repository: https://svc-catalog-charts.storage.googleapis.com
  version: 0.2.1
digest: sha256:ec62a2bed5b2a4e092af16ee5b5fe3661448b0a826e94e7b79c42859487dd9a3
generated: "2019-08-08T15:11:58.618439-07:00"
