dependencies:
- name: metrics-server
  repository: https://kubernetes-charts.storage.googleapis.com
  version: 2.8.7
- name: nginx-ingress
  repository: https://kubernetes-charts.storage.googleapis.com
  version: 1.2.1
- name: catalog
  repository: https://svc-catalog-charts.storage.googleapis.com
  version: 0.2.1
digest: sha256:0b6a7fc3866fb970589682b6c11da5440cb3dcf1d03d184b7a6932a5f1f99706
generated: "2019-10-03T10:51:22.281295-06:00"
